lockfileVersion: '9.0'

settings:
  autoInstallPeers: true
  excludeLinksFromLockfile: false

importers:

  .:
    dependencies:
      chardet:
        specifier: ^2.0.0
        version: 2.0.0
      iconv-lite:
        specifier: ^0.6.3
        version: 0.6.3
      yauzl:
        specifier: ^3.2.0
        version: 3.2.0

packages:

  buffer-crc32@0.2.13:
    resolution: {integrity: sha512-VO9Ht/+p3SN7SKWqcrgEzjGbRSJYTx+Q1pTQC0wrWqHx0vpJraQ6GtHx8tvcg1rlK1byhU5gccxgOgj7B0TDkQ==}

  chardet@2.0.0:
    resolution: {integrity: sha512-xVgPpulCooDjY6zH4m9YW3jbkaBe3FKIAvF5sj5t7aBNsVl2ljIE+xwJ4iNgiDZHFQvNIpjdKdVOQvvk5ZfxbQ==}

  iconv-lite@0.6.3:
    resolution: {integrity: sha512-4fCk79wshMdzMp2rH06qWrJE4iolqLhCUH+OiuIgU++RB0+94NlDL81atO7GX55uUKueo0txHNtvEyI6D7WdMw==}
    engines: {node: '>=0.10.0'}

  pend@1.2.0:
    resolution: {integrity: sha512-F3asv42UuXchdzt+xXqfW1OGlVBe+mxa2mqI0pg5yAHZPvFmY3Y6drSf/GQ1A86WgWEN9Kzh/WrgKa6iGcHXLg==}

  safer-buffer@2.1.2:
    resolution: {integrity: sha512-YZo3K82SD7Riyi0E1EQPojLz7kpepnSQI9IyPbHHg1XXXevb5dJI7tpyN2ADxGcQbHG7vcyRHk0cbwqcQriUtg==}

  yauzl@3.2.0:
    resolution: {integrity: sha512-Ow9nuGZE+qp1u4JIPvg+uCiUr7xGQWdff7JQSk5VGYTAZMDe2q8lxJ10ygv10qmSj031Ty/6FNJpLO4o1Sgc+w==}
    engines: {node: '>=12'}

snapshots:

  buffer-crc32@0.2.13: {}

  chardet@2.0.0: {}

  iconv-lite@0.6.3:
    dependencies:
      safer-buffer: 2.1.2

  pend@1.2.0: {}

  safer-buffer@2.1.2: {}

  yauzl@3.2.0:
    dependencies:
      buffer-crc32: 0.2.13
      pend: 1.2.0
